
Microsoft Visual Studio Solution File, Format Version 12.00
# Visual Studio Version 17
VisualStudioVersion = 17.6.33829.357
MinimumVisualStudioVersion = 10.0.40219.1
Project("{9A19103F-16F7-4668-BE54-9A1E7A4F7556}") = "Nine.MG", "Nine\Nine.MG.csproj", "{5585AA26-E0FD-4019-9F9A-7DE131226486}"
EndProject
Project("{FAE04EC0-301F-11D3-BF4B-00C04F79EFBC}") = "Nine.MG.Samples", "Nine.Samples\Nine.MG.Samples.csproj", "{EC3DF878-FB1A-4468-A7B3-6D65BF069911}"
EndProject
Global
	GlobalSection(SolutionConfigurationPlatforms) = preSolution
		Debug|Any CPU = Debug|Any CPU
		Release|Any CPU = Release|Any CPU
	EndGlobalSection
	GlobalSection(ProjectConfigurationPlatforms) = postSolution
		{5585AA26-E0FD-4019-9F9A-7DE131226486}.Debug|Any CPU.ActiveCfg = Debug|Any CPU
		{5585AA26-E0FD-4019-9F9A-7DE131226486}.Debug|Any CPU.Build.0 = Debug|Any CPU
		{5585AA26-E0FD-4019-9F9A-7DE131226486}.Release|Any CPU.ActiveCfg = Release|Any CPU
		{5585AA26-E0FD-4019-9F9A-7DE131226486}.Release|Any CPU.Build.0 = Release|Any CPU
		{EC3DF878-FB1A-4468-A7B3-6D65BF069911}.Debug|Any CPU.ActiveCfg = Debug|Any CPU
		{EC3DF878-FB1A-4468-A7B3-6D65BF069911}.Debug|Any CPU.Build.0 = Debug|Any CPU
		{EC3DF878-FB1A-4468-A7B3-6D65BF069911}.Release|Any CPU.ActiveCfg = Release|Any CPU
		{EC3DF878-FB1A-4468-A7B3-6D65BF069911}.Release|Any CPU.Build.0 = Release|Any CPU
	EndGlobalSection
	GlobalSection(SolutionProperties) = preSolution
		HideSolutionNode = FALSE
	EndGlobalSection
	GlobalSection(ExtensibilityGlobals) = postSolution
		SolutionGuid = {2D39E236-4F86-4F3C-A0D3-D440FE73B162}
	EndGlobalSection
EndGlobal
